<?xml version="1.0" encoding="utf-8"?>
<Project ToolsVersion="4.0" xmlns="http://schemas.microsoft.com/developer/msbuild/2003">
  <ItemGroup>
    <Filter Include="Source Files">
      <UniqueIdentifier>{4FC737F1-C7A5-4376-A066-2A32D752A2FF}</UniqueIdentifier>
      <Extensions>cpp;c;cc;cxx;c++;cppm;ixx;def;odl;idl;hpj;bat;asm;asmx</Extensions>
    </Filter>
    <Filter Include="Header Files">
      <UniqueIdentifier>{93995380-89BD-4b04-88EB-625FBE52EBFB}</UniqueIdentifier>
      <Extensions>h;hh;hpp;hxx;h++;hm;inl;inc;ipp;xsd</Extensions>
    </Filter>
    <Filter Include="Resource Files">
      <UniqueIdentifier>{67DA6AB6-F800-4c08-8B7A-83BB121AAD01}</UniqueIdentifier>
      <Extensions>rc;ico;cur;bmp;dlg;rc2;rct;bin;rgs;gif;jpg;jpeg;jpe;resx;tiff;tif;png;wav;mfcribbon-ms</Extensions>
    </Filter>
    <Filter Include="Abstractions">
      <UniqueIdentifier>{f63a4739-a82a-4bb1-9e63-b3d95c207290}</UniqueIdentifier>
    </Filter>
    <Filter Include="WordValidators">
      <UniqueIdentifier>{3c9511bc-5e65-4a25-ba1c-559c86d2fb09}</UniqueIdentifier>
    </Filter>
    <Filter Include="WordValidators\Headers">
      <UniqueIdentifier>{53eb441c-c57b-4ec2-b070-a183a2da3341}</UniqueIdentifier>
    </Filter>
    <Filter Include="WordValidators\Sources">
      <UniqueIdentifier>{17fd2090-462b-4e15-9989-1729b1fb34cb}</UniqueIdentifier>
    </Filter>
  </ItemGroup>
  <ItemGroup>
    <ClInclude Include="framework.h">
      <Filter>Header Files</Filter>
    </ClInclude>
    <ClInclude Include="pch.h">
      <Filter>Header Files</Filter>
    </ClInclude>
    <ClInclude Include="WordleDrawCore.h">
      <Filter>Header Files</Filter>
    </ClInclude>
    <ClInclude Include="IWordValidator.h">
      <Filter>Abstractions</Filter>
    </ClInclude>
    <ClInclude Include="PerfectWordValidator.h">
      <Filter>WordValidators\Headers</Filter>
    </ClInclude>
    <ClInclude Include="PresenceWordValidator.h">
      <Filter>WordValidators\Headers</Filter>
    </ClInclude>
    <ClInclude Include="FallbackPresenceWordValidator.h">
      <Filter>WordValidators\Headers</Filter>
    </ClInclude>
    <ClInclude Include="FallbackMixedWordValidator.h">
      <Filter>WordValidators\Headers</Filter>
    </ClInclude>
    <ClInclude Include="MixedWordValidator.h">
      <Filter>WordValidators\Headers</Filter>
    </ClInclude>
    <ClInclude Include="WordValidators.h">
      <Filter>WordValidators\Headers</Filter>
    </ClInclude>
    <ClInclude Include="AtLeastGreenWordValidator.h">
      <Filter>WordValidators\Headers</Filter>
    </ClInclude>
    <ClInclude Include="FallbackLoosePresenceWordValidator.h">
      <Filter>WordValidators\Headers</Filter>
    </ClInclude>
    <ClInclude Include="AtLeastYellowWordValidator.h">
      <Filter>WordValidators\Headers</Filter>
    </ClInclude>
  </ItemGroup>
  <ItemGroup>
    <ClCompile Include="dllmain.cpp">
      <Filter>Source Files</Filter>
    </ClCompile>
    <ClCompile Include="pch.cpp">
      <Filter>Source Files</Filter>
    </ClCompile>
    <ClCompile Include="WordleDrawCore.cpp">
      <Filter>Source Files</Filter>
    </ClCompile>
  </ItemGroup>
</Project>